// !$*UTF8*$!
{
	archiveVersion = 1;
	classes = {
	};
	objectVersion = 46;
	objects = {

/* Begin PBXBuildFile section */
		0FDD79B2BFF49AF33A383833 /* Pods_PokedexUITests.framework in Frameworks */ = {isa = PBXBuildFile; fileRef = 4802EAFE8C561B655BF0168F /* Pods_PokedexUITests.framework */; };
		284F9EC51D5A2060001D84C2 /* AppDelegate.swift in Sources */ = {isa = PBXBuildFile; fileRef = 284F9EC41D5A2060001D84C2 /* AppDelegate.swift */; };
		284F9EC71D5A2060001D84C2 /* ViewController.swift in Sources */ = {isa = PBXBuildFile; fileRef = 284F9EC61D5A2060001D84C2 /* ViewController.swift */; };
		284F9ECA1D5A2060001D84C2 /* Main.storyboard in Resources */ = {isa = PBXBuildFile; fileRef = 284F9EC81D5A2060001D84C2 /* Main.storyboard */; };
		284F9ECD1D5A2060001D84C2 /* Pokedex.xcdatamodeld in Sources */ = {isa = PBXBuildFile; fileRef = 284F9ECB1D5A2060001D84C2 /* Pokedex.xcdatamodeld */; };
		284F9ECF1D5A2060001D84C2 /* Assets.xcassets in Resources */ = {isa = PBXBuildFile; fileRef = 284F9ECE1D5A2060001D84C2 /* Assets.xcassets */; };
		284F9ED21D5A2060001D84C2 /* LaunchScreen.storyboard in Resources */ = {isa = PBXBuildFile; fileRef = 284F9ED01D5A2060001D84C2 /* LaunchScreen.storyboard */; };
		284F9EDD1D5A2060001D84C2 /* PokedexTests.swift in Sources */ = {isa = PBXBuildFile; fileRef = 284F9EDC1D5A2060001D84C2 /* PokedexTests.swift */; };
		284F9EE81D5A2060001D84C2 /* PokedexUITests.swift in Sources */ = {isa = PBXBuildFile; fileRef = 284F9EE71D5A2060001D84C2 /* PokedexUITests.swift */; };
		284F9EF61D5A2CBE001D84C2 /* pokemon.csv in Resources */ = {isa = PBXBuildFile; fileRef = 284F9EF51D5A2CBE001D84C2 /* pokemon.csv */; settings = {ASSET_TAGS = (); }; };
		284F9EFA1D5A2EBE001D84C2 /* Pokemon.swift in Sources */ = {isa = PBXBuildFile; fileRef = 284F9EF91D5A2EBE001D84C2 /* Pokemon.swift */; settings = {ASSET_TAGS = (); }; };
		284F9EFC1D5A6133001D84C2 /* PokeCell.swift in Sources */ = {isa = PBXBuildFile; fileRef = 284F9EFB1D5A6133001D84C2 /* PokeCell.swift */; settings = {ASSET_TAGS = (); }; };
		284F9F051D5A7E20001D84C2 /* Pokemon.ttf in Resources */ = {isa = PBXBuildFile; fileRef = 284F9F041D5A7E20001D84C2 /* Pokemon.ttf */; settings = {ASSET_TAGS = (); }; };
		284F9F071D5AC261001D84C2 /* PokeInfoVC.swift in Sources */ = {isa = PBXBuildFile; fileRef = 284F9F061D5AC261001D84C2 /* PokeInfoVC.swift */; settings = {ASSET_TAGS = (); }; };
		284F9F091D5AD76F001D84C2 /* Bibliography in Resources */ = {isa = PBXBuildFile; fileRef = 284F9F081D5AD76F001D84C2 /* Bibliography */; settings = {ASSET_TAGS = (); }; };
		284F9F0D1D5CF3B6001D84C2 /* Constants.swift in Sources */ = {isa = PBXBuildFile; fileRef = 284F9F0C1D5CF3B6001D84C2 /* Constants.swift */; settings = {ASSET_TAGS = (); }; };
		28AC4F0A1D5D264D0033FEC1 /* csv.swift in Sources */ = {isa = PBXBuildFile; fileRef = 28AC4F091D5D264D0033FEC1 /* csv.swift */; settings = {ASSET_TAGS = (); }; };
		4E23D9FF8397C9D0752838AF /* Pods_PokedexTests.framework in Frameworks */ = {isa = PBXBuildFile; fileRef = 9A13F16EE4C0F909075B66D4 /* Pods_PokedexTests.framework */; };
		D8C68AE913D35B474589FE29 /* Pods_Pokedex.framework in Frameworks */ = {isa = PBXBuildFile; fileRef = 70C7CA81C6D22D528DCE5729 /* Pods_Pokedex.framework */; };
/* End PBXBuildFile section */

/* Begin PBXContainerItemProxy section */
		284F9ED91D5A2060001D84C2 /* PBXContainerItemProxy */ = {
			isa = PBXContainerItemProxy;
			containerPortal = 284F9EB91D5A205F001D84C2 /* Project object */;
			proxyType = 1;
			remoteGlobalIDString = 284F9EC01D5A205F001D84C2;
			remoteInfo = Pokedex;
		};
		284F9EE41D5A2060001D84C2 /* PBXContainerItemProxy */ = {
			isa = PBXContainerItemProxy;
			containerPortal = 284F9EB91D5A205F001D84C2 /* Project object */;
			proxyType = 1;
			remoteGlobalIDString = 284F9EC01D5A205F001D84C2;
			remoteInfo = Pokedex;
		};
/* End PBXContainerItemProxy section */

/* Begin PBXFileReference section */
		284F9EC11D5A205F001D84C2 /* Pokedex.app */ = {isa = PBXFileReference; explicitFileType = wrapper.application; includeInIndex = 0; path = Pokedex.app; sourceTree = BUILT_PRODUCTS_DIR; };
		284F9EC41D5A2060001D84C2 /* AppDelegate.swift */ = {isa = PBXFileReference; lastKnownFileType = sourcecode.swift; path = AppDelegate.swift; sourceTree = "<group>"; };
		284F9EC61D5A2060001D84C2 /* ViewController.swift */ = {isa = PBXFileReference; lastKnownFileType = sourcecode.swift; path = ViewController.swift; sourceTree = "<group>"; };
		284F9EC91D5A2060001D84C2 /* Base */ = {isa = PBXFileReference; lastKnownFileType = file.storyboard; name = Base; path = Base.lproj/Main.storyboard; sourceTree = "<group>"; };
		284F9ECC1D5A2060001D84C2 /* Pokedex.xcdatamodel */ = {isa = PBXFileReference; lastKnownFileType = wrapper.xcdatamodel; path = Pokedex.xcdatamodel; sourceTree = "<group>"; };
		284F9ECE1D5A2060001D84C2 /* Assets.xcassets */ = {isa = PBXFileReference; lastKnownFileType = folder.assetcatalog; path = Assets.xcassets; sourceTree = "<group>"; };
		284F9ED11D5A2060001D84C2 /* Base */ = {isa = PBXFileReference; lastKnownFileType = file.storyboard; name = Base; path = Base.lproj/LaunchScreen.storyboard; sourceTree = "<group>"; };
		284F9ED31D5A2060001D84C2 /* Info.plist */ = {isa = PBXFileReference; lastKnownFileType = text.plist.xml; path = Info.plist; sourceTree = "<group>"; };
		284F9ED81D5A2060001D84C2 /* PokedexTests.xctest */ = {isa = PBXFileReference; explicitFileType = wrapper.cfbundle; includeInIndex = 0; path = PokedexTests.xctest; sourceTree = BUILT_PRODUCTS_DIR; };
		284F9EDC1D5A2060001D84C2 /* PokedexTests.swift */ = {isa = PBXFileReference; lastKnownFileType = sourcecode.swift; path = PokedexTests.swift; sourceTree = "<group>"; };
		284F9EDE1D5A2060001D84C2 /* Info.plist */ = {isa = PBXFileReference; lastKnownFileType = text.plist.xml; path = Info.plist; sourceTree = "<group>"; };
		284F9EE31D5A2060001D84C2 /* PokedexUITests.xctest */ = {isa = PBXFileReference; explicitFileType = wrapper.cfbundle; includeInIndex = 0; path = PokedexUITests.xctest; sourceTree = BUILT_PRODUCTS_DIR; };
		284F9EE71D5A2060001D84C2 /* PokedexUITests.swift */ = {isa = PBXFileReference; lastKnownFileType = sourcecode.swift; path = PokedexUITests.swift; sourceTree = "<group>"; };
		284F9EE91D5A2060001D84C2 /* Info.plist */ = {isa = PBXFileReference; lastKnownFileType = text.plist.xml; path = Info.plist; sourceTree = "<group>"; };
		284F9EF51D5A2CBE001D84C2 /* pokemon.csv */ = {isa = PBXFileReference; fileEncoding = 4; lastKnownFileType = text; name = pokemon.csv; path = "../../../pokeapi-master/data/v1/pokemon.csv"; sourceTree = "<group>"; };
		284F9EF91D5A2EBE001D84C2 /* Pokemon.swift */ = {isa = PBXFileReference; fileEncoding = 4; lastKnownFileType = sourcecode.swift; name = Pokemon.swift; path = ../Pokemon.swift; sourceTree = "<group>"; };
		284F9EFB1D5A6133001D84C2 /* PokeCell.swift */ = {isa = PBXFileReference; fileEncoding = 4; lastKnownFileType = sourcecode.swift; path = PokeCell.swift; sourceTree = "<group>"; };
		284F9F041D5A7E20001D84C2 /* Pokemon.ttf */ = {isa = PBXFileReference; lastKnownFileType = file; name = Pokemon.ttf; path = ../../../../Downloads/Pokemon.ttf; sourceTree = "<group>"; };
		284F9F061D5AC261001D84C2 /* PokeInfoVC.swift */ = {isa = PBXFileReference; fileEncoding = 4; lastKnownFileType = sourcecode.swift; path = PokeInfoVC.swift; sourceTree = "<group>"; };
		284F9F081D5AD76F001D84C2 /* Bibliography */ = {isa = PBXFileReference; fileEncoding = 4; lastKnownFileType = text; path = Bibliography; sourceTree = "<group>"; };
		284F9F0C1D5CF3B6001D84C2 /* Constants.swift */ = {isa = PBXFileReference; fileEncoding = 4; lastKnownFileType = sourcecode.swift; name = Constants.swift; path = ../Constants.swift; sourceTree = "<group>"; };
		28AC4F091D5D264D0033FEC1 /* csv.swift */ = {isa = PBXFileReference; fileEncoding = 4; lastKnownFileType = sourcecode.swift; name = csv.swift; path = "../../../../Downloads/csvswift-master 2/csv.swift"; sourceTree = "<group>"; };
		38CD96F296EF2847344A74BD /* Pods-PokedexTests.debug.xcconfig */ = {isa = PBXFileReference; includeInIndex = 1; lastKnownFileType = text.xcconfig; name = "Pods-PokedexTests.debug.xcconfig"; path = "Pods/Target Support Files/Pods-PokedexTests/Pods-PokedexTests.debug.xcconfig"; sourceTree = "<group>"; };
		3A949F71085B7FB3986AFA14 /* Pods-Pokedex.debug.xcconfig */ = {isa = PBXFileReference; includeInIndex = 1; lastKnownFileType = text.xcconfig; name = "Pods-Pokedex.debug.xcconfig"; path = "Pods/Target Support Files/Pods-Pokedex/Pods-Pokedex.debug.xcconfig"; sourceTree = "<group>"; };
		4802EAFE8C561B655BF0168F /* Pods_PokedexUITests.framework */ = {isa = PBXFileReference; explicitFileType = wrapper.framework; includeInIndex = 0; path = Pods_PokedexUITests.framework; sourceTree = BUILT_PRODUCTS_DIR; };
		5F775546E86791CDC54E4B0E /* Pods-PokedexUITests.release.xcconfig */ = {isa = PBXFileReference; includeInIndex = 1; lastKnownFileType = text.xcconfig; name = "Pods-PokedexUITests.release.xcconfig"; path = "Pods/Target Support Files/Pods-PokedexUITests/Pods-PokedexUITests.release.xcconfig"; sourceTree = "<group>"; };
		6750BA4CA2435009FD54F486 /* Pods-Pokedex.release.xcconfig */ = {isa = PBXFileReference; includeInIndex = 1; lastKnownFileType = text.xcconfig; name = "Pods-Pokedex.release.xcconfig"; path = "Pods/Target Support Files/Pods-Pokedex/Pods-Pokedex.release.xcconfig"; sourceTree = "<group>"; };
		70C7CA81C6D22D528DCE5729 /* Pods_Pokedex.framework */ = {isa = PBXFileReference; explicitFileType = wrapper.framework; includeInIndex = 0; path = Pods_Pokedex.framework; sourceTree = BUILT_PRODUCTS_DIR; };
		75DB9358C9415EAA06DA3534 /* Pods-PokedexUITests.debug.xcconfig */ = {isa = PBXFileReference; includeInIndex = 1; lastKnownFileType = text.xcconfig; name = "Pods-PokedexUITests.debug.xcconfig"; path = "Pods/Target Support Files/Pods-PokedexUITests/Pods-PokedexUITests.debug.xcconfig"; sourceTree = "<group>"; };
		92472D0B93CFFB46715F3F0A /* Pods-PokedexTests.release.xcconfig */ = {isa = PBXFileReference; includeInIndex = 1; lastKnownFileType = text.xcconfig; name = "Pods-PokedexTests.release.xcconfig"; path = "Pods/Target Support Files/Pods-PokedexTests/Pods-PokedexTests.release.xcconfig"; sourceTree = "<group>"; };
		9A13F16EE4C0F909075B66D4 /* Pods_PokedexTests.framework */ = {isa = PBXFileReference; explicitFileType = wrapper.framework; includeInIndex = 0; path = Pods_PokedexTests.framework; sourceTree = BUILT_PRODUCTS_DIR; };
/* End PBXFileReference section */

/* Begin PBXFrameworksBuildPhase section */
		284F9EBE1D5A205F001D84C2 /* Frameworks */ = {
			isa = PBXFrameworksBuildPhase;
			buildActionMask = 2147483647;
			files = (
				D8C68AE913D35B474589FE29 /* Pods_Pokedex.framework in Frameworks */,
			);
			runOnlyForDeploymentPostprocessing = 0;
		};
		284F9ED51D5A2060001D84C2 /* Frameworks */ = {
			isa = PBXFrameworksBuildPhase;
			buildActionMask = 2147483647;
			files = (
				4E23D9FF8397C9D0752838AF /* Pods_PokedexTests.framework in Frameworks */,
			);
			runOnlyForDeploymentPostprocessing = 0;
		};
		284F9EE01D5A2060001D84C2 /* Frameworks */ = {
			isa = PBXFrameworksBuildPhase;
			buildActionMask = 2147483647;
			files = (
				0FDD79B2BFF49AF33A383833 /* Pods_PokedexUITests.framework in Frameworks */,
			);
			runOnlyForDeploymentPostprocessing = 0;
		};
/* End PBXFrameworksBuildPhase section */

/* Begin PBXGroup section */
		284F9EB81D5A205F001D84C2 = {
			isa = PBXGroup;
			children = (
				284F9EC31D5A205F001D84C2 /* Pokedex */,
				284F9EDB1D5A2060001D84C2 /* PokedexTests */,
				284F9EE61D5A2060001D84C2 /* PokedexUITests */,
				284F9EC21D5A205F001D84C2 /* Products */,
				61AD88DBDA37FCAA14D6FF1C /* Pods */,
				33913B1B2C40A0BE5D924CD8 /* Frameworks */,
			);
			sourceTree = "<group>";
		};
		284F9EC21D5A205F001D84C2 /* Products */ = {
			isa = PBXGroup;
			children = (
				284F9EC11D5A205F001D84C2 /* Pokedex.app */,
				284F9ED81D5A2060001D84C2 /* PokedexTests.xctest */,
				284F9EE31D5A2060001D84C2 /* PokedexUITests.xctest */,
			);
			name = Products;
			sourceTree = "<group>";
		};
		284F9EC31D5A205F001D84C2 /* Pokedex */ = {
			isa = PBXGroup;
			children = (
				284F9EFD1D5A6D5A001D84C2 /* Modal */,
				284F9EFE1D5A6D67001D84C2 /* View */,
				284F9F001D5A6E6D001D84C2 /* Controller */,
				284F9EFF1D5A6E5F001D84C2 /* Resources */,
				284F9F011D5A6E9A001D84C2 /* Util */,
				284F9EC41D5A2060001D84C2 /* AppDelegate.swift */,
				284F9ECE1D5A2060001D84C2 /* Assets.xcassets */,
				284F9ED01D5A2060001D84C2 /* LaunchScreen.storyboard */,
				284F9ED31D5A2060001D84C2 /* Info.plist */,
				284F9ECB1D5A2060001D84C2 /* Pokedex.xcdatamodeld */,
				284F9F081D5AD76F001D84C2 /* Bibliography */,
			);
			path = Pokedex;
			sourceTree = "<group>";
		};
		284F9EDB1D5A2060001D84C2 /* PokedexTests */ = {
			isa = PBXGroup;
			children = (
				284F9EDC1D5A2060001D84C2 /* PokedexTests.swift */,
				284F9EDE1D5A2060001D84C2 /* Info.plist */,
			);
			path = PokedexTests;
			sourceTree = "<group>";
		};
		284F9EE61D5A2060001D84C2 /* PokedexUITests */ = {
			isa = PBXGroup;
			children = (
				284F9EE71D5A2060001D84C2 /* PokedexUITests.swift */,
				284F9EE91D5A2060001D84C2 /* Info.plist */,
			);
			path = PokedexUITests;
			sourceTree = "<group>";
		};
		284F9EFD1D5A6D5A001D84C2 /* Modal */ = {
			isa = PBXGroup;
			children = (
				284F9EF91D5A2EBE001D84C2 /* Pokemon.swift */,
			);
			name = Modal;
			sourceTree = "<group>";
		};
		284F9EFE1D5A6D67001D84C2 /* View */ = {
			isa = PBXGroup;
			children = (
				284F9EC81D5A2060001D84C2 /* Main.storyboard */,
				284F9EFB1D5A6133001D84C2 /* PokeCell.swift */,
			);
			name = View;
			sourceTree = "<group>";
		};
		284F9EFF1D5A6E5F001D84C2 /* Resources */ = {
			isa = PBXGroup;
			children = (
				284F9F0C1D5CF3B6001D84C2 /* Constants.swift */,
				284F9F041D5A7E20001D84C2 /* Pokemon.ttf */,
				284F9EF51D5A2CBE001D84C2 /* pokemon.csv */,
			);
			name = Resources;
			sourceTree = "<group>";
		};
		284F9F001D5A6E6D001D84C2 /* Controller */ = {
			isa = PBXGroup;
			children = (
				284F9EC61D5A2060001D84C2 /* ViewController.swift */,
				284F9F061D5AC261001D84C2 /* PokeInfoVC.swift */,
			);
			name = Controller;
			sourceTree = "<group>";
		};
		284F9F011D5A6E9A001D84C2 /* Util */ = {
			isa = PBXGroup;
			children = (
				28AC4F091D5D264D0033FEC1 /* csv.swift */,
			);
			name = Util;
			sourceTree = "<group>";
		};
		33913B1B2C40A0BE5D924CD8 /* Frameworks */ = {
			isa = PBXGroup;
			children = (
				70C7CA81C6D22D528DCE5729 /* Pods_Pokedex.framework */,
				9A13F16EE4C0F909075B66D4 /* Pods_PokedexTests.framework */,
				4802EAFE8C561B655BF0168F /* Pods_PokedexUITests.framework */,
			);
			name = Frameworks;
			sourceTree = "<group>";
		};
		61AD88DBDA37FCAA14D6FF1C /* Pods */ = {
			isa = PBXGroup;
			children = (
				3A949F71085B7FB3986AFA14 /* Pods-Pokedex.debug.xcconfig */,
				6750BA4CA2435009FD54F486 /* Pods-Pokedex.release.xcconfig */,
				38CD96F296EF2847344A74BD /* Pods-PokedexTests.debug.xcconfig */,
				92472D0B93CFFB46715F3F0A /* Pods-PokedexTests.release.xcconfig */,
				75DB9358C9415EAA06DA3534 /* Pods-PokedexUITests.debug.xcconfig */,
				5F775546E86791CDC54E4B0E /* Pods-PokedexUITests.release.xcconfig */,
			);
			name = Pods;
			sourceTree = "<group>";
		};
/* End PBXGroup section */

/* Begin PBXNativeTarget section */
		284F9EC01D5A205F001D84C2 /* Pokedex */ = {
			isa = PBXNativeTarget;
			buildConfigurationList = 284F9EEC1D5A2060001D84C2 /* Build configuration list for PBXNativeTarget "Pokedex" */;
			buildPhases = (
				A099C8A8CCC9ADF54D78C437 /* [CP] Check Pods Manifest.lock */,
				284F9EBD1D5A205F001D84C2 /* Sources */,
				284F9EBE1D5A205F001D84C2 /* Frameworks */,
				284F9EBF1D5A205F001D84C2 /* Resources */,
				DB953E84724E2045652CFDE5 /* [CP] Embed Pods Frameworks */,
				9AEADCE886251E0D9959FEB9 /* [CP] Copy Pods Resources */,
			);
			buildRules = (
			);
			dependencies = (
			);
			name = Pokedex;
			productName = Pokedex;
			productReference = 284F9EC11D5A205F001D84C2 /* Pokedex.app */;
			productType = "com.apple.product-type.application";
		};
		284F9ED71D5A2060001D84C2 /* PokedexTests */ = {
			isa = PBXNativeTarget;
			buildConfigurationList = 284F9EEF1D5A2060001D84C2 /* Build configuration list for PBXNativeTarget "PokedexTests" */;
			buildPhases = (
				02B0EB00A931FFAE95D65243 /* [CP] Check Pods Manifest.lock */,
				284F9ED41D5A2060001D84C2 /* Sources */,
				284F9ED51D5A2060001D84C2 /* Frameworks */,
				284F9ED61D5A2060001D84C2 /* Resources */,
				BE3C0142E080DA63F1C3BDF7 /* [CP] Embed Pods Frameworks */,
				CC8640EE96C9F44D5FC00FA9 /* [CP] Copy Pods Resources */,
			);
			buildRules = (
			);
			dependencies = (
				284F9EDA1D5A2060001D84C2 /* PBXTargetDependency */,
			);
			name = PokedexTests;
			productName = PokedexTests;
			productReference = 284F9ED81D5A2060001D84C2 /* PokedexTests.xctest */;
			productType = "com.apple.product-type.bundle.unit-test";
		};
		284F9EE21D5A2060001D84C2 /* PokedexUITests */ = {
			isa = PBXNativeTarget;
			buildConfigurationList = 284F9EF21D5A2060001D84C2 /* Build configuration list for PBXNativeTarget "PokedexUITests" */;
			buildPhases = (
				48710637541EC9860A10E782 /* [CP] Check Pods Manifest.lock */,
				284F9EDF1D5A2060001D84C2 /* Sources */,
				284F9EE01D5A2060001D84C2 /* Frameworks */,
				284F9EE11D5A2060001D84C2 /* Resources */,
				C25CDB9CDEBC15244B35EA99 /* [CP] Copy Pods Resources */,
			);
			buildRules = (
			);
			dependencies = (
				284F9EE51D5A2060001D84C2 /* PBXTargetDependency */,
			);
			name = PokedexUITests;
			productName = PokedexUITests;
			productReference = 284F9EE31D5A2060001D84C2 /* PokedexUITests.xctest */;
			productType = "com.apple.product-type.bundle.ui-testing";
		};
/* End PBXNativeTarget section */

/* Begin PBXProject section */
		284F9EB91D5A205F001D84C2 /* Project object */ = {
			isa = PBXProject;
			attributes = {
				LastUpgradeCheck = 0700;
				ORGANIZATIONNAME = "Yosvani Lopez";
				TargetAttributes = {
					284F9EC01D5A205F001D84C2 = {
						CreatedOnToolsVersion = 7.0;
						DevelopmentTeam = DPY5934975;
					};
					284F9ED71D5A2060001D84C2 = {
						CreatedOnToolsVersion = 7.0;
						DevelopmentTeam = DPY5934975;
						TestTargetID = 284F9EC01D5A205F001D84C2;
					};
					284F9EE21D5A2060001D84C2 = {
						CreatedOnToolsVersion = 7.0;
						DevelopmentTeam = DPY5934975;
						TestTargetID = 284F9EC01D5A205F001D84C2;
					};
				};
			};
			buildConfigurationList = 284F9EBC1D5A205F001D84C2 /* Build configuration list for PBXProject "Pokedex" */;
			compatibilityVersion = "Xcode 3.2";
			developmentRegion = English;
			hasScannedForEncodings = 0;
			knownRegions = (
				en,
				Base,
			);
			mainGroup = 284F9EB81D5A205F001D84C2;
			productRefGroup = 284F9EC21D5A205F001D84C2 /* Products */;
			projectDirPath = "";
			projectRoot = "";
			targets = (
				284F9EC01D5A205F001D84C2 /* Pokedex */,
				284F9ED71D5A2060001D84C2 /* PokedexTests */,
				284F9EE21D5A2060001D84C2 /* PokedexUITests */,
			);
		};
/* End PBXProject section */

/* Begin PBXResourcesBuildPhase section */
		284F9EBF1D5A205F001D84C2 /* Resources */ = {
			isa = PBXResourcesBuildPhase;
			buildActionMask = 2147483647;
			files = (
				284F9F091D5AD76F001D84C2 /* Bibliography in Resources */,
				284F9F051D5A7E20001D84C2 /* Pokemon.ttf in Resources */,
				284F9ED21D5A2060001D84C2 /* LaunchScreen.storyboard in Resources */,
				284F9ECF1D5A2060001D84C2 /* Assets.xcassets in Resources */,
				284F9EF61D5A2CBE001D84C2 /* pokemon.csv in Resources */,
				284F9ECA1D5A2060001D84C2 /* Main.storyboard in Resources */,
			);
			runOnlyForDeploymentPostprocessing = 0;
		};
		284F9ED61D5A2060001D84C2 /* Resources */ = {
			isa = PBXResourcesBuildPhase;
			buildActionMask = 2147483647;
			files = (
			);
			runOnlyForDeploymentPostprocessing = 0;
		};
		284F9EE11D5A2060001D84C2 /* Resources */ = {
			isa = PBXResourcesBuildPhase;
			buildActionMask = 2147483647;
			files = (
			);
			runOnlyForDeploymentPostprocessing = 0;
		};
/* End PBXResourcesBuildPhase section */

/* Begin PBXShellScriptBuildPhase section */
		02B0EB00A931FFAE95D65243 /* [CP] Check Pods Manifest.lock */ = {
			isa = PBXShellScriptBuildPhase;
			buildActionMask = 2147483647;
			files = (
			);
			inputPaths = (
			);
			name = "[CP] Check Pods Manifest.lock";
			outputPaths = (
			);
			runOnlyForDeploymentPostprocessing = 0;
			shellPath = /bin/sh;
			shellScript = "diff \"${PODS_ROOT}/../Podfile.lock\" \"${PODS_ROOT}/Manifest.lock\" > /dev/null\nif [[ $? != 0 ]] ; then\n    cat << EOM\nerror: The sandbox is not in sync with the Podfile.lock. Run 'pod install' or update your CocoaPods installation.\nEOM\n    exit 1\nfi\n";
			showEnvVarsInLog = 0;
		};
		48710637541EC9860A10E782 /* [CP] Check Pods Manifest.lock */ = {
			isa = PBXShellScriptBuildPhase;
			buildActionMask = 2147483647;
			files = (
			);
			inputPaths = (
			);
			name = "[CP] Check Pods Manifest.lock";
			outputPaths = (
			);
			runOnlyForDeploymentPostprocessing = 0;
			shellPath = /bin/sh;
			shellScript = "diff \"${PODS_ROOT}/../Podfile.lock\" \"${PODS_ROOT}/Manifest.lock\" > /dev/null\nif [[ $? != 0 ]] ; then\n    cat << EOM\nerror: The sandbox is not in sync with the Podfile.lock. Run 'pod install' or update your CocoaPods installation.\nEOM\n    exit 1\nfi\n";
			showEnvVarsInLog = 0;
		};
		9AEADCE886251E0D9959FEB9 /* [CP] Copy Pods Resources */ = {
			isa = PBXShellScriptBuildPhase;
			buildActionMask = 2147483647;
			files = (
			);
			inputPaths = (
			);
			name = "[CP] Copy Pods Resources";
			outputPaths = (
			);
			runOnlyForDeploymentPostprocessing = 0;
			shellPath = /bin/sh;
			shellScript = "\"${SRCROOT}/Pods/Target Support Files/Pods-Pokedex/Pods-Pokedex-resources.sh\"\n";
			showEnvVarsInLog = 0;
		};
		A099C8A8CCC9ADF54D78C437 /* [CP] Check Pods Manifest.lock */ = {
			isa = PBXShellScriptBuildPhase;
			buildActionMask = 2147483647;
			files = (
			);
			inputPaths = (
			);
			name = "[CP] Check Pods Manifest.lock";
			outputPaths = (
			);
			runOnlyForDeploymentPostprocessing = 0;
			shellPath = /bin/sh;
			shellScript = "diff \"${PODS_ROOT}/../Podfile.lock\" \"${PODS_ROOT}/Manifest.lock\" > /dev/null\nif [[ $? != 0 ]] ; then\n    cat << EOM\nerror: The sandbox is not in sync with the Podfile.lock. Run 'pod install' or update your CocoaPods installation.\nEOM\n    exit 1\nfi\n";
			showEnvVarsInLog = 0;
		};
		BE3C0142E080DA63F1C3BDF7 /* [CP] Embed Pods Frameworks */ = {
			isa = PBXShellScriptBuildPhase;
			buildActionMask = 2147483647;
			files = (
			);
			inputPaths = (
			);
			name = "[CP] Embed Pods Frameworks";
			outputPaths = (
			);
			runOnlyForDeploymentPostprocessing = 0;
			shellPath = /bin/sh;
			shellScript = "\"${SRCROOT}/Pods/Target Support Files/Pods-PokedexTests/Pods-PokedexTests-frameworks.sh\"\n";
			showEnvVarsInLog = 0;
		};
		C25CDB9CDEBC15244B35EA99 /* [CP] Copy Pods Resources */ = {
			isa = PBXShellScriptBuildPhase;
			buildActionMask = 2147483647;
			files = (
			);
			inputPaths = (
			);
			name = "[CP] Copy Pods Resources";
			outputPaths = (
			);
			runOnlyForDeploymentPostprocessing = 0;
			shellPath = /bin/sh;
			shellScript = "\"${SRCROOT}/Pods/Target Support Files/Pods-PokedexUITests/Pods-PokedexUITests-resources.sh\"\n";
			showEnvVarsInLog = 0;
		};
		CC8640EE96C9F44D5FC00FA9 /* [CP] Copy Pods Resources */ = {
			isa = PBXShellScriptBuildPhase;
			buildActionMask = 2147483647;
			files = (
			);
			inputPaths = (
			);
			name = "[CP] Copy Pods Resources";
			outputPaths = (
			);
			runOnlyForDeploymentPostprocessing = 0;
			shellPath = /bin/sh;
			shellScript = "\"${SRCROOT}/Pods/Target Support Files/Pods-PokedexTests/Pods-PokedexTests-resources.sh\"\n";
			showEnvVarsInLog = 0;
		};
		DB953E84724E2045652CFDE5 /* [CP] Embed Pods Frameworks */ = {
			isa = PBXShellScriptBuildPhase;
			buildActionMask = 2147483647;
			files = (
			);
			inputPaths = (
			);
			name = "[CP] Embed Pods Frameworks";
			outputPaths = (
			);
			runOnlyForDeploymentPostprocessing = 0;
			shellPath = /bin/sh;
			shellScript = "\"${SRCROOT}/Pods/Target Support Files/Pods-Pokedex/Pods-Pokedex-frameworks.sh\"\n";
			showEnvVarsInLog = 0;
		};
/* End PBXShellScriptBuildPhase section */

/* Begin PBXSourcesBuildPhase section */
		284F9EBD1D5A205F001D84C2 /* Sources */ = {
			isa = PBXSourcesBuildPhase;
			buildActionMask = 2147483647;
			files = (
				28AC4F0A1D5D264D0033FEC1 /* csv.swift in Sources */,
				284F9F071D5AC261001D84C2 /* PokeInfoVC.swift in Sources */,
				284F9EC71D5A2060001D84C2 /* ViewController.swift in Sources */,
				284F9EFA1D5A2EBE001D84C2 /* Pokemon.swift in Sources */,
				284F9ECD1D5A2060001D84C2 /* Pokedex.xcdatamodeld in Sources */,
				284F9EC51D5A2060001D84C2 /* AppDelegate.swift in Sources */,
				284F9EFC1D5A6133001D84C2 /* PokeCell.swift in Sources */,
				284F9F0D1D5CF3B6001D84C2 /* Constants.swift in Sources */,
			);
			runOnlyForDeploymentPostprocessing = 0;
		};
		284F9ED41D5A2060001D84C2 /* Sources */ = {
			isa = PBXSourcesBuildPhase;
			buildActionMask = 2147483647;
			files = (
				284F9EDD1D5A2060001D84C2 /* PokedexTests.swift in Sources */,
			);
			runOnlyForDeploymentPostprocessing = 0;
		};
		284F9EDF1D5A2060001D84C2 /* Sources */ = {
			isa = PBXSourcesBuildPhase;
			buildActionMask = 2147483647;
			files = (
				284F9EE81D5A2060001D84C2 /* PokedexUITests.swift in Sources */,
			);
			runOnlyForDeploymentPostprocessing = 0;
		};
/* End PBXSourcesBuildPhase section */

/* Begin PBXTargetDependency section */
		284F9EDA1D5A2060001D84C2 /* PBXTargetDependency */ = {
			isa = PBXTargetDependency;
			target = 284F9EC01D5A205F001D84C2 /* Pokedex */;
			targetProxy = 284F9ED91D5A2060001D84C2 /* PBXContainerItemProxy */;
		};
		284F9EE51D5A2060001D84C2 /* PBXTargetDependency */ = {
			isa = PBXTargetDependency;
			target = 284F9EC01D5A205F001D84C2 /* Pokedex */;
			targetProxy = 284F9EE41D5A2060001D84C2 /* PBXContainerItemProxy */;
		};
/* End PBXTargetDependency section */

/* Begin PBXVariantGroup section */
		284F9EC81D5A2060001D84C2 /* Main.storyboard */ = {
			isa = PBXVariantGroup;
			children = (
				284F9EC91D5A2060001D84C2 /* Base */,
			);
			name = Main.storyboard;
			sourceTree = "<group>";
		};
		284F9ED01D5A2060001D84C2 /* LaunchScreen.storyboard */ = {
			isa = PBXVariantGroup;
			children = (
				284F9ED11D5A2060001D84C2 /* Base */,
			);
			name = LaunchScreen.storyboard;
			sourceTree = "<group>";
		};
/* End PBXVariantGroup section */

/* Begin XCBuildConfiguration section */
		284F9EEA1D5A2060001D84C2 /* Debug */ = {
			isa = XCBuildConfiguration;
			buildSettings = {
				ALWAYS_SEARCH_USER_PATHS = NO;
				CLANG_CXX_LANGUAGE_STANDARD = "gnu++0x";
				CLANG_CXX_LIBRARY = "libc++";
				CLANG_ENABLE_MODULES = YES;
				CLANG_ENABLE_OBJC_ARC = YES;
				CLANG_WARN_BOOL_CONVERSION = YES;
				CLANG_WARN_CONSTANT_CONVERSION = YES;
				CLANG_WARN_DIRECT_OBJC_ISA_USAGE = YES_ERROR;
				CLANG_WARN_EMPTY_BODY = YES;
				CLANG_WARN_ENUM_CONVERSION = YES;
				CLANG_WARN_INT_CONVERSION = YES;
				CLANG_WARN_OBJC_ROOT_CLASS = YES_ERROR;
				CLANG_WARN_UNREACHABLE_CODE = YES;
				CLANG_WARN__DUPLICATE_METHOD_MATCH = YES;
				"CODE_SIGN_IDENTITY[sdk=iphoneos*]" = "iPhone Developer";
				COPY_PHASE_STRIP = NO;
				DEBUG_INFORMATION_FORMAT = dwarf;
				ENABLE_STRICT_OBJC_MSGSEND = YES;
				ENABLE_TESTABILITY = YES;
				GCC_C_LANGUAGE_STANDARD = gnu99;
				GCC_DYNAMIC_NO_PIC = NO;
				GCC_NO_COMMON_BLOCKS = YES;
				GCC_OPTIMIZATION_LEVEL = 0;
				GCC_PREPROCESSOR_DEFINITIONS = (
					"DEBUG=1",
					"$(inherited)",
				);
				GCC_WARN_64_TO_32_BIT_CONVERSION = YES;
				GCC_WARN_ABOUT_RETURN_TYPE = YES_ERROR;
				GCC_WARN_UNDECLARED_SELECTOR = YES;
				GCC_WARN_UNINITIALIZED_AUTOS = YES_AGGRESSIVE;
				GCC_WARN_UNUSED_FUNCTION = YES;
				GCC_WARN_UNUSED_VARIABLE = YES;
				IPHONEOS_DEPLOYMENT_TARGET = 9.0;
				MTL_ENABLE_DEBUG_INFO = YES;
				ONLY_ACTIVE_ARCH = YES;
				SDKROOT = iphoneos;
				SWIFT_OPTIMIZATION_LEVEL = "-Onone";
			};
			name = Debug;
		};
		284F9EEB1D5A2060001D84C2 /* Release */ = {
			isa = XCBuildConfiguration;
			buildSettings = {
				ALWAYS_SEARCH_USER_PATHS = NO;
				CLANG_CXX_LANGUAGE_STANDARD = "gnu++0x";
				CLANG_CXX_LIBRARY = "libc++";
				CLANG_ENABLE_MODULES = YES;
				CLANG_ENABLE_OBJC_ARC = YES;
				CLANG_WARN_BOOL_CONVERSION = YES;
				CLANG_WARN_CONSTANT_CONVERSION = YES;
				CLANG_WARN_DIRECT_OBJC_ISA_USAGE = YES_ERROR;
				CLANG_WARN_EMPTY_BODY = YES;
				CLANG_WARN_ENUM_CONVERSION = YES;
				CLANG_WARN_INT_CONVERSION = YES;
				CLANG_WARN_OBJC_ROOT_CLASS = YES_ERROR;
				CLANG_WARN_UNREACHABLE_CODE = YES;
				CLANG_WARN__DUPLICATE_METHOD_MATCH = YES;
				"CODE_SIGN_IDENTITY[sdk=iphoneos*]" = "iPhone Developer";
				COPY_PHASE_STRIP = NO;
				DEBUG_INFORMATION_FORMAT = "dwarf-with-dsym";
				ENABLE_NS_ASSERTIONS = NO;
				ENABLE_STRICT_OBJC_MSGSEND = YES;
				GCC_C_LANGUAGE_STANDARD = gnu99;
				GCC_NO_COMMON_BLOCKS = YES;
				GCC_WARN_64_TO_32_BIT_CONVERSION = YES;
				GCC_WARN_ABOUT_RETURN_TYPE = YES_ERROR;
				GCC_WARN_UNDECLARED_SELECTOR = YES;
				GCC_WARN_UNINITIALIZED_AUTOS = YES_AGGRESSIVE;
				GCC_WARN_UNUSED_FUNCTION = YES;
				GCC_WARN_UNUSED_VARIABLE = YES;
				IPHONEOS_DEPLOYMENT_TARGET = 9.0;
				MTL_ENABLE_DEBUG_INFO = NO;
				SDKROOT = iphoneos;
				VALIDATE_PRODUCT = YES;
			};
			name = Release;
		};
		284F9EED1D5A2060001D84C2 /* Debug */ = {
			isa = XCBuildConfiguration;
			baseConfigurationReference = 3A949F71085B7FB3986AFA14 /* Pods-Pokedex.debug.xcconfig */;
			buildSettings = {
				ASSETCATALOG_COMPILER_APPICON_NAME = AppIcon;
				INFOPLIST_FILE = Pokedex/Info.plist;
				LD_RUNPATH_SEARCH_PATHS = "$(inherited) @executable_path/Frameworks";
				PRODUCT_BUNDLE_IDENTIFIER = Yosvani.Pokedex;
				PRODUCT_NAME = "$(TARGET_NAME)";
			};
			name = Debug;
		};
		284F9EEE1D5A2060001D84C2 /* Release */ = {
			isa = XCBuildConfiguration;
			baseConfigurationReference = 6750BA4CA2435009FD54F486 /* Pods-Pokedex.release.xcconfig */;
			buildSettings = {
				ASSETCATALOG_COMPILER_APPICON_NAME = AppIcon;
				INFOPLIST_FILE = Pokedex/Info.plist;
				LD_RUNPATH_SEARCH_PATHS = "$(inherited) @executable_path/Frameworks";
				PRODUCT_BUNDLE_IDENTIFIER = Yosvani.Pokedex;
				PRODUCT_NAME = "$(TARGET_NAME)";
			};
			name = Release;
		};
		284F9EF01D5A2060001D84C2 /* Debug */ = {
			isa = XCBuildConfiguration;
			baseConfigurationReference = 38CD96F296EF2847344A74BD /* Pods-PokedexTests.debug.xcconfig */;
			buildSettings = {
				BUNDLE_LOADER = "$(TEST_HOST)";
				INFOPLIST_FILE = PokedexTests/Info.plist;
				LD_RUNPATH_SEARCH_PATHS = "$(inherited) @executable_path/Frameworks @loader_path/Frameworks";
				PRODUCT_BUNDLE_IDENTIFIER = Yosvani.PokedexTests;
				PRODUCT_NAME = "$(TARGET_NAME)";
				TEST_HOST = "$(BUILT_PRODUCTS_DIR)/Pokedex.app/Pokedex";
			};
			name = Debug;
		};
		284F9EF11D5A2060001D84C2 /* Release */ = {
			isa = XCBuildConfiguration;
			baseConfigurationReference = 92472D0B93CFFB46715F3F0A /* Pods-PokedexTests.release.xcconfig */;
			buildSettings = {
				BUNDLE_LOADER = "$(TEST_HOST)";
				INFOPLIST_FILE = PokedexTests/Info.plist;
				LD_RUNPATH_SEARCH_PATHS = "$(inherited) @executable_path/Frameworks @loader_path/Frameworks";
				PRODUCT_BUNDLE_IDENTIFIER = Yosvani.PokedexTests;
				PRODUCT_NAME = "$(TARGET_NAME)";
				TEST_HOST = "$(BUILT_PRODUCTS_DIR)/Pokedex.app/Pokedex";
			};
			name = Release;
		};
		284F9EF31D5A2060001D84C2 /* Debug */ = {
			isa = XCBuildConfiguration;
			baseConfigurationReference = 75DB9358C9415EAA06DA3534 /* Pods-PokedexUITests.debug.xcconfig */;
			buildSettings = {
				INFOPLIST_FILE = PokedexUITests/Info.plist;
				LD_RUNPATH_SEARCH_PATHS = "$(inherited) @executable_path/Frameworks @loader_path/Frameworks";
				PRODUCT_BUNDLE_IDENTIFIER = Yosvani.PokedexUITests;
				PRODUCT_NAME = "$(TARGET_NAME)";
				TEST_TARGET_NAME = Pokedex;
				USES_XCTRUNNER = YES;
			};
			name = Debug;
		};
		284F9EF41D5A2060001D84C2 /* Release */ = {
			isa = XCBuildConfiguration;
			baseConfigurationReference = 5F775546E86791CDC54E4B0E /* Pods-PokedexUITests.release.xcconfig */;
			buildSettings = {
				INFOPLIST_FILE = PokedexUITests/Info.plist;
				LD_RUNPATH_SEARCH_PATHS = "$(inherited) @executable_path/Frameworks @loader_path/Frameworks";
				PRODUCT_BUNDLE_IDENTIFIER = Yosvani.PokedexUITests;
				PRODUCT_NAME = "$(TARGET_NAME)";
				TEST_TARGET_NAME = Pokedex;
				USES_XCTRUNNER = YES;
			};
			name = Release;
		};
/* End XCBuildConfiguration section */

/* Begin XCConfigurationList section */
		284F9EBC1D5A205F001D84C2 /* Build configuration list for PBXProject "Pokedex" */ = {
			isa = XCConfigurationList;
			buildConfigurations = (
				284F9EEA1D5A2060001D84C2 /* Debug */,
				284F9EEB1D5A2060001D84C2 /* Release */,
			);
			defaultConfigurationIsVisible = 0;
			defaultConfigurationName = Release;
		};
		284F9EEC1D5A2060001D84C2 /* Build configuration list for PBXNativeTarget "Pokedex" */ = {
			isa = XCConfigurationList;
			buildConfigurations = (
				284F9EED1D5A2060001D84C2 /* Debug */,
				284F9EEE1D5A2060001D84C2 /* Release */,
			);
			defaultConfigurationIsVisible = 0;
			defaultConfigurationName = Release;
		};
		284F9EEF1D5A2060001D84C2 /* Build configuration list for PBXNativeTarget "PokedexTests" */ = {
			isa = XCConfigurationList;
			buildConfigurations = (
				284F9EF01D5A2060001D84C2 /* Debug */,
				284F9EF11D5A2060001D84C2 /* Release */,
			);
			defaultConfigurationIsVisible = 0;
			defaultConfigurationName = Release;
		};
		284F9EF21D5A2060001D84C2 /* Build configuration list for PBXNativeTarget "PokedexUITests" */ = {
			isa = XCConfigurationList;
			buildConfigurations = (
				284F9EF31D5A2060001D84C2 /* Debug */,
				284F9EF41D5A2060001D84C2 /* Release */,
			);
			defaultConfigurationIsVisible = 0;
			defaultConfigurationName = Release;
		};
/* End XCConfigurationList section */

/* Begin XCVersionGroup section */
		284F9ECB1D5A2060001D84C2 /* Pokedex.xcdatamodeld */ = {
			isa = XCVersionGroup;
			children = (
				284F9ECC1D5A2060001D84C2 /* Pokedex.xcdatamodel */,
			);
			currentVersion = 284F9ECC1D5A2060001D84C2 /* Pokedex.xcdatamodel */;
			path = Pokedex.xcdatamodeld;
			sourceTree = "<group>";
			versionGroupType = wrapper.xcdatamodel;
		};
/* End XCVersionGroup section */
	};
	rootObject = 284F9EB91D5A205F001D84C2 /* Project object */;
}
